
Microsoft Visual Studio Solution File, Format Version 12.00
# Visual Studio 2013
VisualStudioVersion = 12.0.21005.1
MinimumVisualStudioVersion = 10.0.40219.1
Project("{FAE04EC0-301F-11D3-BF4B-00C04F79EFBC}") = "GameStats", "GameStats\GameStats.csproj", "{802EB29F-ED92-415F-9322-9A19FA5FE5D2}"
EndProject
Project("{FAE04EC0-301F-11D3-BF4B-00C04F79EFBC}") = "GameStats.DataAccess", "GameStats.DataAccess\GameStats.DataAccess.csproj", "{925DD482-AE8A-4B0B-85B5-E1D479AB9A80}"
EndProject
Global
	GlobalSection(SolutionConfigurationPlatforms) = preSolution
		Debug|Any CPU = Debug|Any CPU
		Release|Any CPU = Release|Any CPU
	EndGlobalSection
	GlobalSection(ProjectConfigurationPlatforms) = postSolution
		{802EB29F-ED92-415F-9322-9A19FA5FE5D2}.Debug|Any CPU.ActiveCfg = Debug|Any CPU
		{802EB29F-ED92-415F-9322-9A19FA5FE5D2}.Debug|Any CPU.Build.0 = Debug|Any CPU
		{802EB29F-ED92-415F-9322-9A19FA5FE5D2}.Release|Any CPU.ActiveCfg = Release|Any CPU
		{802EB29F-ED92-415F-9322-9A19FA5FE5D2}.Release|Any CPU.Build.0 = Release|Any CPU
		{925DD482-AE8A-4B0B-85B5-E1D479AB9A80}.Debug|Any CPU.ActiveCfg = Debug|Any CPU
		{925DD482-AE8A-4B0B-85B5-E1D479AB9A80}.Debug|Any CPU.Build.0 = Debug|Any CPU
		{925DD482-AE8A-4B0B-85B5-E1D479AB9A80}.Release|Any CPU.ActiveCfg = Release|Any CPU
		{925DD482-AE8A-4B0B-85B5-E1D479AB9A80}.Release|Any CPU.Build.0 = Release|Any CPU
	EndGlobalSection
	GlobalSection(SolutionProperties) = preSolution
		HideSolutionNode = FALSE
	EndGlobalSection
EndGlobal
